
Microsoft Visual Studio Solution File, Format Version 12.00
# Visual Studio Version 17
VisualStudioVersion = 17.5.002.0
MinimumVisualStudioVersion = 10.0.40219.1
Project("{2150E333-8FDC-42A3-9474-1A3956D46DE8}") = "csharp-prep", "csharp-prep", "{08AF302F-6935-4E72-9E36-5EBEB52E2353}"
EndProject
Project("{9A19103F-16F7-4668-BE54-9A1E7A4F7556}") = "Prep1", "csharp-prep\Prep1\Prep1.csproj", "{77FBE57D-646E-43A8-A235-9B15F98C0566}"
EndProject
Project("{9A19103F-16F7-4668-BE54-9A1E7A4F7556}") = "Prep2", "csharp-prep\Prep2\Prep2.csproj", "{C00687B8-F2D9-4E2C-93F1-153ED9814D68}"
EndProject
Project("{9A19103F-16F7-4668-BE54-9A1E7A4F7556}") = "Prep3", "csharp-prep\Prep3\Prep3.csproj", "{1D95A3BD-1C23-4831-9607-8D511EE35D12}"
EndProject
Project("{9A19103F-16F7-4668-BE54-9A1E7A4F7556}") = "Prep4", "csharp-prep\Prep4\Prep4.csproj", "{FD0E7787-3011-460D-98F5-2CAA4C75D3A3}"
EndProject
Project("{9A19103F-16F7-4668-BE54-9A1E7A4F7556}") = "Prep5", "csharp-prep\Prep5\Prep5.csproj", "{87C15AE4-7492-43E3-98F5-0B823257F7DF}"
EndProject
Project("{2150E333-8FDC-42A3-9474-1A3956D46DE8}") = "final", "final", "{E29B5777-DBD2-456B-A66C-6058C20139A9}"
EndProject
Project("{9A19103F-16F7-4668-BE54-9A1E7A4F7556}") = "FinalProject", "final\FinalProject\FinalProject.csproj", "{7BE465DD-3767-4BFC-961E-B7D2856B7546}"
EndProject
Project("{9A19103F-16F7-4668-BE54-9A1E7A4F7556}") = "Foundation1", "final\Foundation1\Foundation1.csproj", "{0F84E682-AC88-49D7-90A3-02277667144C}"
EndProject
Project("{9A19103F-16F7-4668-BE54-9A1E7A4F7556}") = "Foundation2", "final\Foundation2\Foundation2.csproj", "{811D2B87-6879-491F-B118-FA6508C6FEAC}"
EndProject
Project("{9A19103F-16F7-4668-BE54-9A1E7A4F7556}") = "Foundation3", "final\Foundation3\Foundation3.csproj", "{43DF97CF-0DA4-4320-9109-EB14262D9CDA}"
EndProject
Project("{9A19103F-16F7-4668-BE54-9A1E7A4F7556}") = "Foundation4", "final\Foundation4\Foundation4.csproj", "{65ACE9EB-4E7D-4C47-9458-DB26FD4622B8}"
EndProject
Project("{2150E333-8FDC-42A3-9474-1A3956D46DE8}") = "prepare", "prepare", "{82CE6053-215B-438A-A767-19645063E9BC}"
EndProject
Project("{9A19103F-16F7-4668-BE54-9A1E7A4F7556}") = "Learning02", "prepare\Learning02\Learning02.csproj", "{09821F93-E5AB-47D2-AA49-34E28073F71C}"
EndProject
Project("{9A19103F-16F7-4668-BE54-9A1E7A4F7556}") = "Learning03", "prepare\Learning03\Learning03.csproj", "{EDB7AEE3-135A-41FE-8D24-C40331A61067}"
EndProject
Project("{9A19103F-16F7-4668-BE54-9A1E7A4F7556}") = "Learning04", "prepare\Learning04\Learning04.csproj", "{E9E05411-FE9B-4138-9E3E-893A3C2590FC}"
EndProject
Project("{9A19103F-16F7-4668-BE54-9A1E7A4F7556}") = "Learning05", "prepare\Learning05\Learning05.csproj", "{F83448C8-AEDB-4338-926D-8FB32849DF78}"
EndProject
Project("{2150E333-8FDC-42A3-9474-1A3956D46DE8}") = "prove", "prove", "{65C30EAF-51E8-40C5-A9F1-A51D1703898F}"
EndProject
Project("{9A19103F-16F7-4668-BE54-9A1E7A4F7556}") = "Develop02", "prove\Develop02\Develop02.csproj", "{200452ED-1DB4-40C7-83E2-0922B47D1EF4}"
EndProject
Project("{9A19103F-16F7-4668-BE54-9A1E7A4F7556}") = "Develop03", "prove\Develop03\Develop03.csproj", "{08670F1A-8C01-423D-890F-C3B8BD1F07E2}"
EndProject
Project("{9A19103F-16F7-4668-BE54-9A1E7A4F7556}") = "Develop04", "prove\Develop04\Develop04.csproj", "{215798D5-69FE-4068-82E8-CB8ABD31A2A0}"
EndProject
Project("{9A19103F-16F7-4668-BE54-9A1E7A4F7556}") = "Develop05", "prove\Develop05\Develop05.csproj", "{F2D5164C-1B56-4A10-B741-387A2ABC4421}"
EndProject
Project("{2150E333-8FDC-42A3-9474-1A3956D46DE8}") = "sandbox", "sandbox", "{CEC295C2-07F8-45FC-81B7-D5755ECDEEEF}"
EndProject
Project("{9A19103F-16F7-4668-BE54-9A1E7A4F7556}") = "Sandbox", "sandbox\Sandbox\Sandbox.csproj", "{947F59FB-64A2-4C6F-9EE6-421B8420268E}"
EndProject
Global
	GlobalSection(SolutionConfigurationPlatforms) = preSolution
		Debug|Any CPU = Debug|Any CPU
		Release|Any CPU = Release|Any CPU
	EndGlobalSection
	GlobalSection(ProjectConfigurationPlatforms) = postSolution
		{77FBE57D-646E-43A8-A235-9B15F98C0566}.Debug|Any CPU.ActiveCfg = Debug|Any CPU
		{77FBE57D-646E-43A8-A235-9B15F98C0566}.Debug|Any CPU.Build.0 = Debug|Any CPU
		{77FBE57D-646E-43A8-A235-9B15F98C0566}.Release|Any CPU.ActiveCfg = Release|Any CPU
		{77FBE57D-646E-43A8-A235-9B15F98C0566}.Release|Any CPU.Build.0 = Release|Any CPU
		{C00687B8-F2D9-4E2C-93F1-153ED9814D68}.Debug|Any CPU.ActiveCfg = Debug|Any CPU
		{C00687B8-F2D9-4E2C-93F1-153ED9814D68}.Debug|Any CPU.Build.0 = Debug|Any CPU
		{C00687B8-F2D9-4E2C-93F1-153ED9814D68}.Release|Any CPU.ActiveCfg = Release|Any CPU
		{C00687B8-F2D9-4E2C-93F1-153ED9814D68}.Release|Any CPU.Build.0 = Release|Any CPU
		{1D95A3BD-1C23-4831-9607-8D511EE35D12}.Debug|Any CPU.ActiveCfg = Debug|Any CPU
		{1D95A3BD-1C23-4831-9607-8D511EE35D12}.Debug|Any CPU.Build.0 = Debug|Any CPU
		{1D95A3BD-1C23-4831-9607-8D511EE35D12}.Release|Any CPU.ActiveCfg = Release|Any CPU
		{1D95A3BD-1C23-4831-9607-8D511EE35D12}.Release|Any CPU.Build.0 = Release|Any CPU
		{FD0E7787-3011-460D-98F5-2CAA4C75D3A3}.Debug|Any CPU.ActiveCfg = Debug|Any CPU
		{FD0E7787-3011-460D-98F5-2CAA4C75D3A3}.Debug|Any CPU.Build.0 = Debug|Any CPU
		{FD0E7787-3011-460D-98F5-2CAA4C75D3A3}.Release|Any CPU.ActiveCfg = Release|Any CPU
		{FD0E7787-3011-460D-98F5-2CAA4C75D3A3}.Release|Any CPU.Build.0 = Release|Any CPU
		{87C15AE4-7492-43E3-98F5-0B823257F7DF}.Debug|Any CPU.ActiveCfg = Debug|Any CPU
		{87C15AE4-7492-43E3-98F5-0B823257F7DF}.Debug|Any CPU.Build.0 = Debug|Any CPU
		{87C15AE4-7492-43E3-98F5-0B823257F7DF}.Release|Any CPU.ActiveCfg = Release|Any CPU
		{87C15AE4-7492-43E3-98F5-0B823257F7DF}.Release|Any CPU.Build.0 = Release|Any CPU
		{7BE465DD-3767-4BFC-961E-B7D2856B7546}.Debug|Any CPU.ActiveCfg = Debug|Any CPU
		{7BE465DD-3767-4BFC-961E-B7D2856B7546}.Debug|Any CPU.Build.0 = Debug|Any CPU
		{7BE465DD-3767-4BFC-961E-B7D2856B7546}.Release|Any CPU.ActiveCfg = Release|Any CPU
		{7BE465DD-3767-4BFC-961E-B7D2856B7546}.Release|Any CPU.Build.0 = Release|Any CPU
		{0F84E682-AC88-49D7-90A3-02277667144C}.Debug|Any CPU.ActiveCfg = Debug|Any CPU
		{0F84E682-AC88-49D7-90A3-02277667144C}.Debug|Any CPU.Build.0 = Debug|Any CPU
		{0F84E682-AC88-49D7-90A3-02277667144C}.Release|Any CPU.ActiveCfg = Release|Any CPU
		{0F84E682-AC88-49D7-90A3-02277667144C}.Release|Any CPU.Build.0 = Release|Any CPU
		{811D2B87-6879-491F-B118-FA6508C6FEAC}.Debug|Any CPU.ActiveCfg = Debug|Any CPU
		{811D2B87-6879-491F-B118-FA6508C6FEAC}.Debug|Any CPU.Build.0 = Debug|Any CPU
		{811D2B87-6879-491F-B118-FA6508C6FEAC}.Release|Any CPU.ActiveCfg = Release|Any CPU
		{811D2B87-6879-491F-B118-FA6508C6FEAC}.Release|Any CPU.Build.0 = Release|Any CPU
		{43DF97CF-0DA4-4320-9109-EB14262D9CDA}.Debug|Any CPU.ActiveCfg = Debug|Any CPU
		{43DF97CF-0DA4-4320-9109-EB14262D9CDA}.Debug|Any CPU.Build.0 = Debug|Any CPU
		{43DF97CF-0DA4-4320-9109-EB14262D9CDA}.Release|Any CPU.ActiveCfg = Release|Any CPU
		{43DF97CF-0DA4-4320-9109-EB14262D9CDA}.Release|Any CPU.Build.0 = Release|Any CPU
		{65ACE9EB-4E7D-4C47-9458-DB26FD4622B8}.Debug|Any CPU.ActiveCfg = Debug|Any CPU
		{65ACE9EB-4E7D-4C47-9458-DB26FD4622B8}.Debug|Any CPU.Build.0 = Debug|Any CPU
		{65ACE9EB-4E7D-4C47-9458-DB26FD4622B8}.Release|Any CPU.ActiveCfg = Release|Any CPU
		{65ACE9EB-4E7D-4C47-9458-DB26FD4622B8}.Release|Any CPU.Build.0 = Release|Any CPU
		{09821F93-E5AB-47D2-AA49-34E28073F71C}.Debug|Any CPU.ActiveCfg = Debug|Any CPU
		{09821F93-E5AB-47D2-AA49-34E28073F71C}.Debug|Any CPU.Build.0 = Debug|Any CPU
		{09821F93-E5AB-47D2-AA49-34E28073F71C}.Release|Any CPU.ActiveCfg = Release|Any CPU
		{09821F93-E5AB-47D2-AA49-34E28073F71C}.Release|Any CPU.Build.0 = Release|Any CPU
		{EDB7AEE3-135A-41FE-8D24-C40331A61067}.Debug|Any CPU.ActiveCfg = Debug|Any CPU
		{EDB7AEE3-135A-41FE-8D24-C40331A61067}.Debug|Any CPU.Build.0 = Debug|Any CPU
		{EDB7AEE3-135A-41FE-8D24-C40331A61067}.Release|Any CPU.ActiveCfg = Release|Any CPU
		{EDB7AEE3-135A-41FE-8D24-C40331A61067}.Release|Any CPU.Build.0 = Release|Any CPU
		{E9E05411-FE9B-4138-9E3E-893A3C2590FC}.Debug|Any CPU.ActiveCfg = Debug|Any CPU
		{E9E05411-FE9B-4138-9E3E-893A3C2590FC}.Debug|Any CPU.Build.0 = Debug|Any CPU
		{E9E05411-FE9B-4138-9E3E-893A3C2590FC}.Release|Any CPU.ActiveCfg = Release|Any CPU
		{E9E05411-FE9B-4138-9E3E-893A3C2590FC}.Release|Any CPU.Build.0 = Release|Any CPU
		{F83448C8-AEDB-4338-926D-8FB32849DF78}.Debug|Any CPU.ActiveCfg = Debug|Any CPU
		{F83448C8-AEDB-4338-926D-8FB32849DF78}.Debug|Any CPU.Build.0 = Debug|Any CPU
		{F83448C8-AEDB-4338-926D-8FB32849DF78}.Release|Any CPU.ActiveCfg = Release|Any CPU
		{F83448C8-AEDB-4338-926D-8FB32849DF78}.Release|Any CPU.Build.0 = Release|Any CPU
		{200452ED-1DB4-40C7-83E2-0922B47D1EF4}.Debug|Any CPU.ActiveCfg = Debug|Any CPU
		{200452ED-1DB4-40C7-83E2-0922B47D1EF4}.Debug|Any CPU.Build.0 = Debug|Any CPU
		{200452ED-1DB4-40C7-83E2-0922B47D1EF4}.Release|Any CPU.ActiveCfg = Release|Any CPU
		{200452ED-1DB4-40C7-83E2-0922B47D1EF4}.Release|Any CPU.Build.0 = Release|Any CPU
		{08670F1A-8C01-423D-890F-C3B8BD1F07E2}.Debug|Any CPU.ActiveCfg = Debug|Any CPU
		{08670F1A-8C01-423D-890F-C3B8BD1F07E2}.Debug|Any CPU.Build.0 = Debug|Any CPU
		{08670F1A-8C01-423D-890F-C3B8BD1F07E2}.Release|Any CPU.ActiveCfg = Release|Any CPU
		{08670F1A-8C01-423D-890F-C3B8BD1F07E2}.Release|Any CPU.Build.0 = Release|Any CPU
		{215798D5-69FE-4068-82E8-CB8ABD31A2A0}.Debug|Any CPU.ActiveCfg = Debug|Any CPU
		{215798D5-69FE-4068-82E8-CB8ABD31A2A0}.Debug|Any CPU.Build.0 = Debug|Any CPU
		{215798D5-69FE-4068-82E8-CB8ABD31A2A0}.Release|Any CPU.ActiveCfg = Release|Any CPU
		{215798D5-69FE-4068-82E8-CB8ABD31A2A0}.Release|Any CPU.Build.0 = Release|Any CPU
		{F2D5164C-1B56-4A10-B741-387A2ABC4421}.Debug|Any CPU.ActiveCfg = Debug|Any CPU
		{F2D5164C-1B56-4A10-B741-387A2ABC4421}.Debug|Any CPU.Build.0 = Debug|Any CPU
		{F2D5164C-1B56-4A10-B741-387A2ABC4421}.Release|Any CPU.ActiveCfg = Release|Any CPU
		{F2D5164C-1B56-4A10-B741-387A2ABC4421}.Release|Any CPU.Build.0 = Release|Any CPU
		{947F59FB-64A2-4C6F-9EE6-421B8420268E}.Debug|Any CPU.ActiveCfg = Debug|Any CPU
		{947F59FB-64A2-4C6F-9EE6-421B8420268E}.Debug|Any CPU.Build.0 = Debug|Any CPU
		{947F59FB-64A2-4C6F-9EE6-421B8420268E}.Release|Any CPU.ActiveCfg = Release|Any CPU
		{947F59FB-64A2-4C6F-9EE6-421B8420268E}.Release|Any CPU.Build.0 = Release|Any CPU
	EndGlobalSection
	GlobalSection(SolutionProperties) = preSolution
		HideSolutionNode = FALSE
	EndGlobalSection
	GlobalSection(NestedProjects) = preSolution
		{77FBE57D-646E-43A8-A235-9B15F98C0566} = {08AF302F-6935-4E72-9E36-5EBEB52E2353}
		{C00687B8-F2D9-4E2C-93F1-153ED9814D68} = {08AF302F-6935-4E72-9E36-5EBEB52E2353}
		{1D95A3BD-1C23-4831-9607-8D511EE35D12} = {08AF302F-6935-4E72-9E36-5EBEB52E2353}
		{FD0E7787-3011-460D-98F5-2CAA4C75D3A3} = {08AF302F-6935-4E72-9E36-5EBEB52E2353}
		{87C15AE4-7492-43E3-98F5-0B823257F7DF} = {08AF302F-6935-4E72-9E36-5EBEB52E2353}
		{7BE465DD-3767-4BFC-961E-B7D2856B7546} = {E29B5777-DBD2-456B-A66C-6058C20139A9}
		{0F84E682-AC88-49D7-90A3-02277667144C} = {E29B5777-DBD2-456B-A66C-6058C20139A9}
		{811D2B87-6879-491F-B118-FA6508C6FEAC} = {E29B5777-DBD2-456B-A66C-6058C20139A9}
		{43DF97CF-0DA4-4320-9109-EB14262D9CDA} = {E29B5777-DBD2-456B-A66C-6058C20139A9}
		{65ACE9EB-4E7D-4C47-9458-DB26FD4622B8} = {E29B5777-DBD2-456B-A66C-6058C20139A9}
		{09821F93-E5AB-47D2-AA49-34E28073F71C} = {82CE6053-215B-438A-A767-19645063E9BC}
		{EDB7AEE3-135A-41FE-8D24-C40331A61067} = {82CE6053-215B-438A-A767-19645063E9BC}
		{E9E05411-FE9B-4138-9E3E-893A3C2590FC} = {82CE6053-215B-438A-A767-19645063E9BC}
		{F83448C8-AEDB-4338-926D-8FB32849DF78} = {82CE6053-215B-438A-A767-19645063E9BC}
		{200452ED-1DB4-40C7-83E2-0922B47D1EF4} = {65C30EAF-51E8-40C5-A9F1-A51D1703898F}
		{08670F1A-8C01-423D-890F-C3B8BD1F07E2} = {65C30EAF-51E8-40C5-A9F1-A51D1703898F}
		{215798D5-69FE-4068-82E8-CB8ABD31A2A0} = {65C30EAF-51E8-40C5-A9F1-A51D1703898F}
		{F2D5164C-1B56-4A10-B741-387A2ABC4421} = {65C30EAF-51E8-40C5-A9F1-A51D1703898F}
		{947F59FB-64A2-4C6F-9EE6-421B8420268E} = {CEC295C2-07F8-45FC-81B7-D5755ECDEEEF}
	EndGlobalSection
	GlobalSection(ExtensibilityGlobals) = postSolution
		SolutionGuid = {DF2403EC-EDD3-46E5-B48F-0AEBA32403ED}
	EndGlobalSection
EndGlobal
